
Microsoft Visual Studio Solution File, Format Version 12.00
# Visual Studio Version 16
VisualStudioVersion = 16.0.31424.327
MinimumVisualStudioVersion = 10.0.40219.1
Project("{FAE04EC0-301F-11D3-BF4B-00C04F79EFBC}") = "TPC_MVC", "TPC_MVC.csproj", "{91B0483D-8E0B-46F1-A911-52FE88168C7C}"
EndProject
Global
	GlobalSection(SolutionConfigurationPlatforms) = preSolution
		Debug|Any CPU = Debug|Any CPU
		Release|Any CPU = Release|Any CPU
	EndGlobalSection
	GlobalSection(ProjectConfigurationPlatforms) = postSolution
		{91B0483D-8E0B-46F1-A911-52FE88168C7C}.Debug|Any CPU.ActiveCfg = Debug|Any CPU
		{91B0483D-8E0B-46F1-A911-52FE88168C7C}.Debug|Any CPU.Build.0 = Debug|Any CPU
		{91B0483D-8E0B-46F1-A911-52FE88168C7C}.Release|Any CPU.ActiveCfg = Release|Any CPU
		{91B0483D-8E0B-46F1-A911-52FE88168C7C}.Release|Any CPU.Build.0 = Release|Any CPU
	EndGlobalSection
	GlobalSection(SolutionProperties) = preSolution
		HideSolutionNode = FALSE
	EndGlobalSection
	GlobalSection(ExtensibilityGlobals) = postSolution
		SolutionGuid = {688D925E-8670-4769-9616-8645D263E229}
	EndGlobalSection
EndGlobal
